// !$*UTF8*$!
{
	archiveVersion = 1;
	classes = {
	};
	objectVersion = 77;
	objects = {

/* Begin PBXBuildFile section */
		B83BB30F2DEA0BD60052B3C6 /* Prettify Minerva Extension.appex in Embed Foundation Extensions */ = {isa = PBXBuildFile; fileRef = B83BB30E2DEA0BD60052B3C6 /* Prettify Minerva Extension.appex */; settings = {ATTRIBUTES = (RemoveHeadersOnCopy, ); }; };
/* End PBXBuildFile section */

/* Begin PBXContainerItemProxy section */
		B83BB2F92DEA0BD60052B3C6 /* PBXContainerItemProxy */ = {
			isa = PBXContainerItemProxy;
			containerPortal = B83BB2D42DEA0BD40052B3C6 /* Project object */;
			proxyType = 1;
			remoteGlobalIDString = B83BB2DB2DEA0BD40052B3C6;
			remoteInfo = "Prettify Minerva";
		};
		B83BB3032DEA0BD60052B3C6 /* PBXContainerItemProxy */ = {
			isa = PBXContainerItemProxy;
			containerPortal = B83BB2D42DEA0BD40052B3C6 /* Project object */;
			proxyType = 1;
			remoteGlobalIDString = B83BB2DB2DEA0BD40052B3C6;
			remoteInfo = "Prettify Minerva";
		};
		B83BB3102DEA0BD60052B3C6 /* PBXContainerItemProxy */ = {
			isa = PBXContainerItemProxy;
			containerPortal = B83BB2D42DEA0BD40052B3C6 /* Project object */;
			proxyType = 1;
			remoteGlobalIDString = B83BB30D2DEA0BD60052B3C6;
			remoteInfo = "Prettify Minerva Extension";
		};
/* End PBXContainerItemProxy section */

/* Begin PBXCopyFilesBuildPhase section */
		B83BB32E2DEA0BD60052B3C6 /* Embed Foundation Extensions */ = {
			isa = PBXCopyFilesBuildPhase;
			buildActionMask = 2147483647;
			dstPath = "";
			dstSubfolderSpec = 13;
			files = (
				B83BB30F2DEA0BD60052B3C6 /* Prettify Minerva Extension.appex in Embed Foundation Extensions */,
			);
			name = "Embed Foundation Extensions";
			runOnlyForDeploymentPostprocessing = 0;
		};
/* End PBXCopyFilesBuildPhase section */

/* Begin PBXFileReference section */
		B83BB2DC2DEA0BD40052B3C6 /* Prettify Minerva.app */ = {isa = PBXFileReference; explicitFileType = wrapper.application; includeInIndex = 0; path = "Prettify Minerva.app"; sourceTree = BUILT_PRODUCTS_DIR; };
		B83BB2F82DEA0BD60052B3C6 /* Prettify MinervaTests.xctest */ = {isa = PBXFileReference; explicitFileType = wrapper.cfbundle; includeInIndex = 0; path = "Prettify MinervaTests.xctest"; sourceTree = BUILT_PRODUCTS_DIR; };
		B83BB3022DEA0BD60052B3C6 /* Prettify MinervaUITests.xctest */ = {isa = PBXFileReference; explicitFileType = wrapper.cfbundle; includeInIndex = 0; path = "Prettify MinervaUITests.xctest"; sourceTree = BUILT_PRODUCTS_DIR; };
		B83BB30E2DEA0BD60052B3C6 /* Prettify Minerva Extension.appex */ = {isa = PBXFileReference; explicitFileType = "wrapper.app-extension"; includeInIndex = 0; path = "Prettify Minerva Extension.appex"; sourceTree = BUILT_PRODUCTS_DIR; };
/* End PBXFileReference section */

/* Begin PBXFileSystemSynchronizedBuildFileExceptionSet section */
		B83BB3282DEA0BD60052B3C6 /* Exceptions for "Prettify Minerva Extension" folder in "Prettify Minerva Extension" target */ = {
			isa = PBXFileSystemSynchronizedBuildFileExceptionSet;
			membershipExceptions = (
				Info.plist,
			);
			target = B83BB30D2DEA0BD60052B3C6 /* Prettify Minerva Extension */;
		};
/* End PBXFileSystemSynchronizedBuildFileExceptionSet section */

/* Begin PBXFileSystemSynchronizedRootGroup section */
		B83BB2DE2DEA0BD40052B3C6 /* Prettify Minerva */ = {
			isa = PBXFileSystemSynchronizedRootGroup;
			path = "Prettify Minerva";
			sourceTree = "<group>";
		};
		B83BB2FB2DEA0BD60052B3C6 /* Prettify MinervaTests */ = {
			isa = PBXFileSystemSynchronizedRootGroup;
			path = "Prettify MinervaTests";
			sourceTree = "<group>";
		};
		B83BB3052DEA0BD60052B3C6 /* Prettify MinervaUITests */ = {
			isa = PBXFileSystemSynchronizedRootGroup;
			path = "Prettify MinervaUITests";
			sourceTree = "<group>";
		};
		B83BB3122DEA0BD60052B3C6 /* Prettify Minerva Extension */ = {
			isa = PBXFileSystemSynchronizedRootGroup;
			exceptions = (
				B83BB3282DEA0BD60052B3C6 /* Exceptions for "Prettify Minerva Extension" folder in "Prettify Minerva Extension" target */,
			);
			explicitFolders = (
				Resources/_locales,
				Resources/images,
			);
			path = "Prettify Minerva Extension";
			sourceTree = "<group>";
		};
/* End PBXFileSystemSynchronizedRootGroup section */

/* Begin PBXFrameworksBuildPhase section */
		B83BB2D92DEA0BD40052B3C6 /* Frameworks */ = {
			isa = PBXFrameworksBuildPhase;
			buildActionMask = 2147483647;
			files = (
			);
			runOnlyForDeploymentPostprocessing = 0;
		};
		B83BB2F52DEA0BD60052B3C6 /* Frameworks */ = {
			isa = PBXFrameworksBuildPhase;
			buildActionMask = 2147483647;
			files = (
			);
			runOnlyForDeploymentPostprocessing = 0;
		};
		B83BB2FF2DEA0BD60052B3C6 /* Frameworks */ = {
			isa = PBXFrameworksBuildPhase;
			buildActionMask = 2147483647;
			files = (
			);
			runOnlyForDeploymentPostprocessing = 0;
		};
		B83BB30B2DEA0BD60052B3C6 /* Frameworks */ = {
			isa = PBXFrameworksBuildPhase;
			buildActionMask = 2147483647;
			files = (
			);
			runOnlyForDeploymentPostprocessing = 0;
		};
/* End PBXFrameworksBuildPhase section */

/* Begin PBXGroup section */
		B83BB2D32DEA0BD40052B3C6 = {
			isa = PBXGroup;
			children = (
				B83BB2DE2DEA0BD40052B3C6 /* Prettify Minerva */,
				B83BB2FB2DEA0BD60052B3C6 /* Prettify MinervaTests */,
				B83BB3052DEA0BD60052B3C6 /* Prettify MinervaUITests */,
				B83BB3122DEA0BD60052B3C6 /* Prettify Minerva Extension */,
				B83BB2DD2DEA0BD40052B3C6 /* Products */,
			);
			sourceTree = "<group>";
		};
		B83BB2DD2DEA0BD40052B3C6 /* Products */ = {
			isa = PBXGroup;
			children = (
				B83BB2DC2DEA0BD40052B3C6 /* Prettify Minerva.app */,
				B83BB2F82DEA0BD60052B3C6 /* Prettify MinervaTests.xctest */,
				B83BB3022DEA0BD60052B3C6 /* Prettify MinervaUITests.xctest */,
				B83BB30E2DEA0BD60052B3C6 /* Prettify Minerva Extension.appex */,
			);
			name = Products;
			sourceTree = "<group>";
		};
/* End PBXGroup section */

/* Begin PBXNativeTarget section */
		B83BB2DB2DEA0BD40052B3C6 /* Prettify Minerva */ = {
			isa = PBXNativeTarget;
			buildConfigurationList = B83BB32F2DEA0BD60052B3C6 /* Build configuration list for PBXNativeTarget "Prettify Minerva" */;
			buildPhases = (
				B83BB2D82DEA0BD40052B3C6 /* Sources */,
				B83BB2D92DEA0BD40052B3C6 /* Frameworks */,
				B83BB2DA2DEA0BD40052B3C6 /* Resources */,
				B83BB32E2DEA0BD60052B3C6 /* Embed Foundation Extensions */,
			);
			buildRules = (
			);
			dependencies = (
				B83BB3112DEA0BD60052B3C6 /* PBXTargetDependency */,
			);
			fileSystemSynchronizedGroups = (
				B83BB2DE2DEA0BD40052B3C6 /* Prettify Minerva */,
			);
			name = "Prettify Minerva";
			packageProductDependencies = (
			);
			productName = "Prettify Minerva";
			productReference = B83BB2DC2DEA0BD40052B3C6 /* Prettify Minerva.app */;
			productType = "com.apple.product-type.application";
		};
		B83BB2F72DEA0BD60052B3C6 /* Prettify MinervaTests */ = {
			isa = PBXNativeTarget;
			buildConfigurationList = B83BB3322DEA0BD60052B3C6 /* Build configuration list for PBXNativeTarget "Prettify MinervaTests" */;
			buildPhases = (
				B83BB2F42DEA0BD60052B3C6 /* Sources */,
				B83BB2F52DEA0BD60052B3C6 /* Frameworks */,
				B83BB2F62DEA0BD60052B3C6 /* Resources */,
			);
			buildRules = (
			);
			dependencies = (
				B83BB2FA2DEA0BD60052B3C6 /* PBXTargetDependency */,
			);
			fileSystemSynchronizedGroups = (
				B83BB2FB2DEA0BD60052B3C6 /* Prettify MinervaTests */,
			);
			name = "Prettify MinervaTests";
			packageProductDependencies = (
			);
			productName = "Prettify MinervaTests";
			productReference = B83BB2F82DEA0BD60052B3C6 /* Prettify MinervaTests.xctest */;
			productType = "com.apple.product-type.bundle.unit-test";
		};
		B83BB3012DEA0BD60052B3C6 /* Prettify MinervaUITests */ = {
			isa = PBXNativeTarget;
			buildConfigurationList = B83BB3352DEA0BD60052B3C6 /* Build configuration list for PBXNativeTarget "Prettify MinervaUITests" */;
			buildPhases = (
				B83BB2FE2DEA0BD60052B3C6 /* Sources */,
				B83BB2FF2DEA0BD60052B3C6 /* Frameworks */,
				B83BB3002DEA0BD60052B3C6 /* Resources */,
			);
			buildRules = (
			);
			dependencies = (
				B83BB3042DEA0BD60052B3C6 /* PBXTargetDependency */,
			);
			fileSystemSynchronizedGroups = (
				B83BB3052DEA0BD60052B3C6 /* Prettify MinervaUITests */,
			);
			name = "Prettify MinervaUITests";
			packageProductDependencies = (
			);
			productName = "Prettify MinervaUITests";
			productReference = B83BB3022DEA0BD60052B3C6 /* Prettify MinervaUITests.xctest */;
			productType = "com.apple.product-type.bundle.ui-testing";
		};
		B83BB30D2DEA0BD60052B3C6 /* Prettify Minerva Extension */ = {
			isa = PBXNativeTarget;
			buildConfigurationList = B83BB3292DEA0BD60052B3C6 /* Build configuration list for PBXNativeTarget "Prettify Minerva Extension" */;
			buildPhases = (
				B83BB30A2DEA0BD60052B3C6 /* Sources */,
				B83BB30B2DEA0BD60052B3C6 /* Frameworks */,
				B83BB30C2DEA0BD60052B3C6 /* Resources */,
			);
			buildRules = (
			);
			dependencies = (
			);
			fileSystemSynchronizedGroups = (
				B83BB3122DEA0BD60052B3C6 /* Prettify Minerva Extension */,
			);
			name = "Prettify Minerva Extension";
			packageProductDependencies = (
			);
			productName = "Prettify Minerva Extension";
			productReference = B83BB30E2DEA0BD60052B3C6 /* Prettify Minerva Extension.appex */;
			productType = "com.apple.product-type.app-extension";
		};
/* End PBXNativeTarget section */

/* Begin PBXProject section */
		B83BB2D42DEA0BD40052B3C6 /* Project object */ = {
			isa = PBXProject;
			attributes = {
				BuildIndependentTargetsInParallel = 1;
				LastSwiftUpdateCheck = 1610;
				LastUpgradeCheck = 1610;
				TargetAttributes = {
					B83BB2DB2DEA0BD40052B3C6 = {
						CreatedOnToolsVersion = 16.1;
					};
					B83BB2F72DEA0BD60052B3C6 = {
						CreatedOnToolsVersion = 16.1;
						TestTargetID = B83BB2DB2DEA0BD40052B3C6;
					};
					B83BB3012DEA0BD60052B3C6 = {
						CreatedOnToolsVersion = 16.1;
						TestTargetID = B83BB2DB2DEA0BD40052B3C6;
					};
					B83BB30D2DEA0BD60052B3C6 = {
						CreatedOnToolsVersion = 16.1;
					};
				};
			};
			buildConfigurationList = B83BB2D72DEA0BD40052B3C6 /* Build configuration list for PBXProject "Prettify Minerva" */;
			developmentRegion = en;
			hasScannedForEncodings = 0;
			knownRegions = (
				en,
				Base,
			);
			mainGroup = B83BB2D32DEA0BD40052B3C6;
			minimizedProjectReferenceProxies = 1;
			preferredProjectObjectVersion = 77;
			productRefGroup = B83BB2DD2DEA0BD40052B3C6 /* Products */;
			projectDirPath = "";
			projectRoot = "";
			targets = (
				B83BB2DB2DEA0BD40052B3C6 /* Prettify Minerva */,
				B83BB2F72DEA0BD60052B3C6 /* Prettify MinervaTests */,
				B83BB3012DEA0BD60052B3C6 /* Prettify MinervaUITests */,
				B83BB30D2DEA0BD60052B3C6 /* Prettify Minerva Extension */,
			);
		};
/* End PBXProject section */

/* Begin PBXResourcesBuildPhase section */
		B83BB2DA2DEA0BD40052B3C6 /* Resources */ = {
			isa = PBXResourcesBuildPhase;
			buildActionMask = 2147483647;
			files = (
			);
			runOnlyForDeploymentPostprocessing = 0;
		};
		B83BB2F62DEA0BD60052B3C6 /* Resources */ = {
			isa = PBXResourcesBuildPhase;
			buildActionMask = 2147483647;
			files = (
			);
			runOnlyForDeploymentPostprocessing = 0;
		};
		B83BB3002DEA0BD60052B3C6 /* Resources */ = {
			isa = PBXResourcesBuildPhase;
			buildActionMask = 2147483647;
			files = (
			);
			runOnlyForDeploymentPostprocessing = 0;
		};
		B83BB30C2DEA0BD60052B3C6 /* Resources */ = {
			isa = PBXResourcesBuildPhase;
			buildActionMask = 2147483647;
			files = (
			);
			runOnlyForDeploymentPostprocessing = 0;
		};
/* End PBXResourcesBuildPhase section */

/* Begin PBXSourcesBuildPhase section */
		B83BB2D82DEA0BD40052B3C6 /* Sources */ = {
			isa = PBXSourcesBuildPhase;
			buildActionMask = 2147483647;
			files = (
			);
			runOnlyForDeploymentPostprocessing = 0;
		};
		B83BB2F42DEA0BD60052B3C6 /* Sources */ = {
			isa = PBXSourcesBuildPhase;
			buildActionMask = 2147483647;
			files = (
			);
			runOnlyForDeploymentPostprocessing = 0;
		};
		B83BB2FE2DEA0BD60052B3C6 /* Sources */ = {
			isa = PBXSourcesBuildPhase;
			buildActionMask = 2147483647;
			files = (
			);
			runOnlyForDeploymentPostprocessing = 0;
		};
		B83BB30A2DEA0BD60052B3C6 /* Sources */ = {
			isa = PBXSourcesBuildPhase;
			buildActionMask = 2147483647;
			files = (
			);
			runOnlyForDeploymentPostprocessing = 0;
		};
/* End PBXSourcesBuildPhase section */

/* Begin PBXTargetDependency section */
		B83BB2FA2DEA0BD60052B3C6 /* PBXTargetDependency */ = {
			isa = PBXTargetDependency;
			target = B83BB2DB2DEA0BD40052B3C6 /* Prettify Minerva */;
			targetProxy = B83BB2F92DEA0BD60052B3C6 /* PBXContainerItemProxy */;
		};
		B83BB3042DEA0BD60052B3C6 /* PBXTargetDependency */ = {
			isa = PBXTargetDependency;
			target = B83BB2DB2DEA0BD40052B3C6 /* Prettify Minerva */;
			targetProxy = B83BB3032DEA0BD60052B3C6 /* PBXContainerItemProxy */;
		};
		B83BB3112DEA0BD60052B3C6 /* PBXTargetDependency */ = {
			isa = PBXTargetDependency;
			target = B83BB30D2DEA0BD60052B3C6 /* Prettify Minerva Extension */;
			targetProxy = B83BB3102DEA0BD60052B3C6 /* PBXContainerItemProxy */;
		};
/* End PBXTargetDependency section */

/* Begin XCBuildConfiguration section */
		B83BB32A2DEA0BD60052B3C6 /* Debug */ = {
			isa = XCBuildConfiguration;
			buildSettings = {
				CODE_SIGN_ENTITLEMENTS = "Prettify Minerva Extension/Prettify_Minerva_Extension.entitlements";
				CODE_SIGN_STYLE = Automatic;
				CURRENT_PROJECT_VERSION = 1;
				DEVELOPMENT_TEAM = W929WLW5J9;
				ENABLE_HARDENED_RUNTIME = YES;
				GENERATE_INFOPLIST_FILE = YES;
				INFOPLIST_FILE = "Prettify Minerva Extension/Info.plist";
				INFOPLIST_KEY_CFBundleDisplayName = "Prettify Minerva Extension";
				INFOPLIST_KEY_NSHumanReadableCopyright = "";
				LD_RUNPATH_SEARCH_PATHS = (
					"$(inherited)",
					"@executable_path/../Frameworks",
					"@executable_path/../../../../Frameworks",
				);
				MACOSX_DEPLOYMENT_TARGET = 10.14;
				MARKETING_VERSION = 1.0;
				OTHER_LDFLAGS = (
					"-framework",
					SafariServices,
				);
				PRODUCT_BUNDLE_IDENTIFIER = "me.medaminegabsi.Prettify-Minerva.Extension";
				PRODUCT_NAME = "$(TARGET_NAME)";
				SKIP_INSTALL = YES;
				SWIFT_EMIT_LOC_STRINGS = YES;
				SWIFT_VERSION = 5.0;
			};
			name = Debug;
		};
		B83BB32B2DEA0BD60052B3C6 /* Release */ = {
			isa = XCBuildConfiguration;
			buildSettings = {
				CODE_SIGN_ENTITLEMENTS = "Prettify Minerva Extension/Prettify_Minerva_Extension.entitlements";
				CODE_SIGN_STYLE = Automatic;
				CURRENT_PROJECT_VERSION = 1;
				DEVELOPMENT_TEAM = W929WLW5J9;
				ENABLE_HARDENED_RUNTIME = YES;
				GENERATE_INFOPLIST_FILE = YES;
				INFOPLIST_FILE = "Prettify Minerva Extension/Info.plist";
				INFOPLIST_KEY_CFBundleDisplayName = "Prettify Minerva Extension";
				INFOPLIST_KEY_NSHumanReadableCopyright = "";
				LD_RUNPATH_SEARCH_PATHS = (
					"$(inherited)",
					"@executable_path/../Frameworks",
					"@executable_path/../../../../Frameworks",
				);
				MACOSX_DEPLOYMENT_TARGET = 10.14;
				MARKETING_VERSION = 1.0;
				OTHER_LDFLAGS = (
					"-framework",
					SafariServices,
				);
				PRODUCT_BUNDLE_IDENTIFIER = "me.medaminegabsi.Prettify-Minerva.Extension";
				PRODUCT_NAME = "$(TARGET_NAME)";
				SKIP_INSTALL = YES;
				SWIFT_EMIT_LOC_STRINGS = YES;
				SWIFT_VERSION = 5.0;
			};
			name = Release;
		};
		B83BB32C2DEA0BD60052B3C6 /* Debug */ = {
			isa = XCBuildConfiguration;
			buildSettings = {
				ALWAYS_SEARCH_USER_PATHS = NO;
				ASSETCATALOG_COMPILER_GENERATE_SWIFT_ASSET_SYMBOL_EXTENSIONS = YES;
				CLANG_ANALYZER_NONNULL = YES;
				CLANG_ANALYZER_NUMBER_OBJECT_CONVERSION = YES_AGGRESSIVE;
				CLANG_CXX_LANGUAGE_STANDARD = "gnu++20";
				CLANG_ENABLE_MODULES = YES;
				CLANG_ENABLE_OBJC_ARC = YES;
				CLANG_ENABLE_OBJC_WEAK = YES;
				CLANG_WARN_BLOCK_CAPTURE_AUTORELEASING = YES;
				CLANG_WARN_BOOL_CONVERSION = YES;
				CLANG_WARN_COMMA = YES;
				CLANG_WARN_CONSTANT_CONVERSION = YES;
				CLANG_WARN_DEPRECATED_OBJC_IMPLEMENTATIONS = YES;
				CLANG_WARN_DIRECT_OBJC_ISA_USAGE = YES_ERROR;
				CLANG_WARN_DOCUMENTATION_COMMENTS = YES;
				CLANG_WARN_EMPTY_BODY = YES;
				CLANG_WARN_ENUM_CONVERSION = YES;
				CLANG_WARN_INFINITE_RECURSION = YES;
				CLANG_WARN_INT_CONVERSION = YES;
				CLANG_WARN_NON_LITERAL_NULL_CONVERSION = YES;
				CLANG_WARN_OBJC_IMPLICIT_RETAIN_SELF = YES;
				CLANG_WARN_OBJC_LITERAL_CONVERSION = YES;
				CLANG_WARN_OBJC_ROOT_CLASS = YES_ERROR;
				CLANG_WARN_QUOTED_INCLUDE_IN_FRAMEWORK_HEADER = YES;
				CLANG_WARN_RANGE_LOOP_ANALYSIS = YES;
				CLANG_WARN_STRICT_PROTOTYPES = YES;
				CLANG_WARN_SUSPICIOUS_MOVE = YES;
				CLANG_WARN_UNGUARDED_AVAILABILITY = YES_AGGRESSIVE;
				CLANG_WARN_UNREACHABLE_CODE = YES;
				CLANG_WARN__DUPLICATE_METHOD_MATCH = YES;
				COPY_PHASE_STRIP = NO;
				DEBUG_INFORMATION_FORMAT = dwarf;
				ENABLE_STRICT_OBJC_MSGSEND = YES;
				ENABLE_TESTABILITY = YES;
				ENABLE_USER_SCRIPT_SANDBOXING = YES;
				GCC_C_LANGUAGE_STANDARD = gnu17;
				GCC_DYNAMIC_NO_PIC = NO;
				GCC_NO_COMMON_BLOCKS = YES;
				GCC_OPTIMIZATION_LEVEL = 0;
				GCC_PREPROCESSOR_DEFINITIONS = (
					"DEBUG=1",
					"$(inherited)",
				);
				GCC_WARN_64_TO_32_BIT_CONVERSION = YES;
				GCC_WARN_ABOUT_RETURN_TYPE = YES_ERROR;
				GCC_WARN_UNDECLARED_SELECTOR = YES;
				GCC_WARN_UNINITIALIZED_AUTOS = YES_AGGRESSIVE;
				GCC_WARN_UNUSED_FUNCTION = YES;
				GCC_WARN_UNUSED_VARIABLE = YES;
				LOCALIZATION_PREFERS_STRING_CATALOGS = YES;
				MACOSX_DEPLOYMENT_TARGET = 15.1;
				MTL_ENABLE_DEBUG_INFO = INCLUDE_SOURCE;
				MTL_FAST_MATH = YES;
				ONLY_ACTIVE_ARCH = YES;
				SDKROOT = macosx;
				SWIFT_ACTIVE_COMPILATION_CONDITIONS = "DEBUG $(inherited)";
				SWIFT_OPTIMIZATION_LEVEL = "-Onone";
			};
			name = Debug;
		};
		B83BB32D2DEA0BD60052B3C6 /* Release */ = {
			isa = XCBuildConfiguration;
			buildSettings = {
				ALWAYS_SEARCH_USER_PATHS = NO;
				ASSETCATALOG_COMPILER_GENERATE_SWIFT_ASSET_SYMBOL_EXTENSIONS = YES;
				CLANG_ANALYZER_NONNULL = YES;
				CLANG_ANALYZER_NUMBER_OBJECT_CONVERSION = YES_AGGRESSIVE;
				CLANG_CXX_LANGUAGE_STANDARD = "gnu++20";
				CLANG_ENABLE_MODULES = YES;
				CLANG_ENABLE_OBJC_ARC = YES;
				CLANG_ENABLE_OBJC_WEAK = YES;
				CLANG_WARN_BLOCK_CAPTURE_AUTORELEASING = YES;
				CLANG_WARN_BOOL_CONVERSION = YES;
				CLANG_WARN_COMMA = YES;
				CLANG_WARN_CONSTANT_CONVERSION = YES;
				CLANG_WARN_DEPRECATED_OBJC_IMPLEMENTATIONS = YES;
				CLANG_WARN_DIRECT_OBJC_ISA_USAGE = YES_ERROR;
				CLANG_WARN_DOCUMENTATION_COMMENTS = YES;
				CLANG_WARN_EMPTY_BODY = YES;
				CLANG_WARN_ENUM_CONVERSION = YES;
				CLANG_WARN_INFINITE_RECURSION = YES;
				CLANG_WARN_INT_CONVERSION = YES;
				CLANG_WARN_NON_LITERAL_NULL_CONVERSION = YES;
				CLANG_WARN_OBJC_IMPLICIT_RETAIN_SELF = YES;
				CLANG_WARN_OBJC_LITERAL_CONVERSION = YES;
				CLANG_WARN_OBJC_ROOT_CLASS = YES_ERROR;
				CLANG_WARN_QUOTED_INCLUDE_IN_FRAMEWORK_HEADER = YES;
				CLANG_WARN_RANGE_LOOP_ANALYSIS = YES;
				CLANG_WARN_STRICT_PROTOTYPES = YES;
				CLANG_WARN_SUSPICIOUS_MOVE = YES;
				CLANG_WARN_UNGUARDED_AVAILABILITY = YES_AGGRESSIVE;
				CLANG_WARN_UNREACHABLE_CODE = YES;
				CLANG_WARN__DUPLICATE_METHOD_MATCH = YES;
				COPY_PHASE_STRIP = NO;
				DEBUG_INFORMATION_FORMAT = "dwarf-with-dsym";
				ENABLE_NS_ASSERTIONS = NO;
				ENABLE_STRICT_OBJC_MSGSEND = YES;
				ENABLE_USER_SCRIPT_SANDBOXING = YES;
				GCC_C_LANGUAGE_STANDARD = gnu17;
				GCC_NO_COMMON_BLOCKS = YES;
				GCC_WARN_64_TO_32_BIT_CONVERSION = YES;
				GCC_WARN_ABOUT_RETURN_TYPE = YES_ERROR;
				GCC_WARN_UNDECLARED_SELECTOR = YES;
				GCC_WARN_UNINITIALIZED_AUTOS = YES_AGGRESSIVE;
				GCC_WARN_UNUSED_FUNCTION = YES;
				GCC_WARN_UNUSED_VARIABLE = YES;
				LOCALIZATION_PREFERS_STRING_CATALOGS = YES;
				MACOSX_DEPLOYMENT_TARGET = 15.1;
				MTL_ENABLE_DEBUG_INFO = NO;
				MTL_FAST_MATH = YES;
				SDKROOT = macosx;
				SWIFT_COMPILATION_MODE = wholemodule;
			};
			name = Release;
		};
		B83BB3302DEA0BD60052B3C6 /* Debug */ = {
			isa = XCBuildConfiguration;
			buildSettings = {
				ASSETCATALOG_COMPILER_APPICON_NAME = AppIcon;
				ASSETCATALOG_COMPILER_GLOBAL_ACCENT_COLOR_NAME = AccentColor;
				CODE_SIGN_ENTITLEMENTS = "Prettify Minerva/Prettify Minerva.entitlements";
				CODE_SIGN_STYLE = Automatic;
				COMBINE_HIDPI_IMAGES = YES;
				CURRENT_PROJECT_VERSION = 1;
				DEVELOPMENT_TEAM = W929WLW5J9;
				ENABLE_HARDENED_RUNTIME = YES;
				GENERATE_INFOPLIST_FILE = YES;
				INFOPLIST_KEY_CFBundleDisplayName = "Prettify Minerva";
				INFOPLIST_KEY_NSHumanReadableCopyright = "";
				INFOPLIST_KEY_NSMainStoryboardFile = Main;
				INFOPLIST_KEY_NSPrincipalClass = NSApplication;
				LD_RUNPATH_SEARCH_PATHS = (
					"$(inherited)",
					"@executable_path/../Frameworks",
				);
				MACOSX_DEPLOYMENT_TARGET = 10.14;
				MARKETING_VERSION = 1.0;
				OTHER_LDFLAGS = (
					"-framework",
					SafariServices,
					"-framework",
					WebKit,
				);
				PRODUCT_BUNDLE_IDENTIFIER = "me.medaminegabsi.Prettify-Minerva";
				PRODUCT_NAME = "$(TARGET_NAME)";
				SWIFT_EMIT_LOC_STRINGS = YES;
				SWIFT_VERSION = 5.0;
			};
			name = Debug;
		};
		B83BB3312DEA0BD60052B3C6 /* Release */ = {
			isa = XCBuildConfiguration;
			buildSettings = {
				ASSETCATALOG_COMPILER_APPICON_NAME = AppIcon;
				ASSETCATALOG_COMPILER_GLOBAL_ACCENT_COLOR_NAME = AccentColor;
				CODE_SIGN_ENTITLEMENTS = "Prettify Minerva/Prettify Minerva.entitlements";
				CODE_SIGN_STYLE = Automatic;
				COMBINE_HIDPI_IMAGES = YES;
				CURRENT_PROJECT_VERSION = 1;
				DEVELOPMENT_TEAM = W929WLW5J9;
				ENABLE_HARDENED_RUNTIME = YES;
				GENERATE_INFOPLIST_FILE = YES;
				INFOPLIST_KEY_CFBundleDisplayName = "Prettify Minerva";
				INFOPLIST_KEY_NSHumanReadableCopyright = "";
				INFOPLIST_KEY_NSMainStoryboardFile = Main;
				INFOPLIST_KEY_NSPrincipalClass = NSApplication;
				LD_RUNPATH_SEARCH_PATHS = (
					"$(inherited)",
					"@executable_path/../Frameworks",
				);
				MACOSX_DEPLOYMENT_TARGET = 10.14;
				MARKETING_VERSION = 1.0;
				OTHER_LDFLAGS = (
					"-framework",
					SafariServices,
					"-framework",
					WebKit,
				);
				PRODUCT_BUNDLE_IDENTIFIER = "me.medaminegabsi.Prettify-Minerva";
				PRODUCT_NAME = "$(TARGET_NAME)";
				SWIFT_EMIT_LOC_STRINGS = YES;
				SWIFT_VERSION = 5.0;
			};
			name = Release;
		};
		B83BB3332DEA0BD60052B3C6 /* Debug */ = {
			isa = XCBuildConfiguration;
			buildSettings = {
				BUNDLE_LOADER = "$(TEST_HOST)";
				CODE_SIGN_STYLE = Automatic;
				CURRENT_PROJECT_VERSION = 1;
				DEVELOPMENT_TEAM = W929WLW5J9;
				GENERATE_INFOPLIST_FILE = YES;
				MACOSX_DEPLOYMENT_TARGET = 10.14;
				MARKETING_VERSION = 1.0;
				PRODUCT_BUNDLE_IDENTIFIER = "me.medaminegabsi.Prettify-MinervaTests";
				PRODUCT_NAME = "$(TARGET_NAME)";
				SWIFT_EMIT_LOC_STRINGS = NO;
				SWIFT_VERSION = 5.0;
				TEST_HOST = "$(BUILT_PRODUCTS_DIR)/Prettify Minerva.app/$(BUNDLE_EXECUTABLE_FOLDER_PATH)/Prettify Minerva";
			};
			name = Debug;
		};
		B83BB3342DEA0BD60052B3C6 /* Release */ = {
			isa = XCBuildConfiguration;
			buildSettings = {
				BUNDLE_LOADER = "$(TEST_HOST)";
				CODE_SIGN_STYLE = Automatic;
				CURRENT_PROJECT_VERSION = 1;
				DEVELOPMENT_TEAM = W929WLW5J9;
				GENERATE_INFOPLIST_FILE = YES;
				MACOSX_DEPLOYMENT_TARGET = 10.14;
				MARKETING_VERSION = 1.0;
				PRODUCT_BUNDLE_IDENTIFIER = "me.medaminegabsi.Prettify-MinervaTests";
				PRODUCT_NAME = "$(TARGET_NAME)";
				SWIFT_EMIT_LOC_STRINGS = NO;
				SWIFT_VERSION = 5.0;
				TEST_HOST = "$(BUILT_PRODUCTS_DIR)/Prettify Minerva.app/$(BUNDLE_EXECUTABLE_FOLDER_PATH)/Prettify Minerva";
			};
			name = Release;
		};
		B83BB3362DEA0BD60052B3C6 /* Debug */ = {
			isa = XCBuildConfiguration;
			buildSettings = {
				CODE_SIGN_STYLE = Automatic;
				CURRENT_PROJECT_VERSION = 1;
				DEVELOPMENT_TEAM = W929WLW5J9;
				GENERATE_INFOPLIST_FILE = YES;
				MARKETING_VERSION = 1.0;
				PRODUCT_BUNDLE_IDENTIFIER = "me.medaminegabsi.Prettify-MinervaUITests";
				PRODUCT_NAME = "$(TARGET_NAME)";
				SWIFT_EMIT_LOC_STRINGS = NO;
				SWIFT_VERSION = 5.0;
				TEST_TARGET_NAME = "Prettify Minerva";
			};
			name = Debug;
		};
		B83BB3372DEA0BD60052B3C6 /* Release */ = {
			isa = XCBuildConfiguration;
			buildSettings = {
				CODE_SIGN_STYLE = Automatic;
				CURRENT_PROJECT_VERSION = 1;
				DEVELOPMENT_TEAM = W929WLW5J9;
				GENERATE_INFOPLIST_FILE = YES;
				MARKETING_VERSION = 1.0;
				PRODUCT_BUNDLE_IDENTIFIER = "me.medaminegabsi.Prettify-MinervaUITests";
				PRODUCT_NAME = "$(TARGET_NAME)";
				SWIFT_EMIT_LOC_STRINGS = NO;
				SWIFT_VERSION = 5.0;
				TEST_TARGET_NAME = "Prettify Minerva";
			};
			name = Release;
		};
/* End XCBuildConfiguration section */

/* Begin XCConfigurationList section */
		B83BB2D72DEA0BD40052B3C6 /* Build configuration list for PBXProject "Prettify Minerva" */ = {
			isa = XCConfigurationList;
			buildConfigurations = (
				B83BB32C2DEA0BD60052B3C6 /* Debug */,
				B83BB32D2DEA0BD60052B3C6 /* Release */,
			);
			defaultConfigurationIsVisible = 0;
			defaultConfigurationName = Release;
		};
		B83BB3292DEA0BD60052B3C6 /* Build configuration list for PBXNativeTarget "Prettify Minerva Extension" */ = {
			isa = XCConfigurationList;
			buildConfigurations = (
				B83BB32A2DEA0BD60052B3C6 /* Debug */,
				B83BB32B2DEA0BD60052B3C6 /* Release */,
			);
			defaultConfigurationIsVisible = 0;
			defaultConfigurationName = Release;
		};
		B83BB32F2DEA0BD60052B3C6 /* Build configuration list for PBXNativeTarget "Prettify Minerva" */ = {
			isa = XCConfigurationList;
			buildConfigurations = (
				B83BB3302DEA0BD60052B3C6 /* Debug */,
				B83BB3312DEA0BD60052B3C6 /* Release */,
			);
			defaultConfigurationIsVisible = 0;
			defaultConfigurationName = Release;
		};
		B83BB3322DEA0BD60052B3C6 /* Build configuration list for PBXNativeTarget "Prettify MinervaTests" */ = {
			isa = XCConfigurationList;
			buildConfigurations = (
				B83BB3332DEA0BD60052B3C6 /* Debug */,
				B83BB3342DEA0BD60052B3C6 /* Release */,
			);
			defaultConfigurationIsVisible = 0;
			defaultConfigurationName = Release;
		};
		B83BB3352DEA0BD60052B3C6 /* Build configuration list for PBXNativeTarget "Prettify MinervaUITests" */ = {
			isa = XCConfigurationList;
			buildConfigurations = (
				B83BB3362DEA0BD60052B3C6 /* Debug */,
				B83BB3372DEA0BD60052B3C6 /* Release */,
			);
			defaultConfigurationIsVisible = 0;
			defaultConfigurationName = Release;
		};
/* End XCConfigurationList section */
	};
	rootObject = B83BB2D42DEA0BD40052B3C6 /* Project object */;
}
